{
    "_readme": [
        "This file locks the dependencies of your project to a known state",
        "Read more about it at https://getcomposer.org/doc/01-basic-usage.md#installing-dependencies",
        "This file is @generated automatically"
    ],
    "content-hash": "7a80ec984cf0805bbcf128bec60eb234",
    "packages": [
        {
            "name": "jetbrains/phpstorm-stubs",
            "version": "v2023.2",
            "source": {
                "type": "git",
                "url": "https://github.com/JetBrains/phpstorm-stubs.git",
                "reference": "3bb9c8a1050ad324c2dca7964487fa9f081f1005"
            },
            "dist": {
                "type": "zip",
                "url": "https://api.github.com/repos/JetBrains/phpstorm-stubs/zipball/3bb9c8a1050ad324c2dca7964487fa9f081f1005",
                "reference": "3bb9c8a1050ad324c2dca7964487fa9f081f1005",
                "shasum": ""
            },
            "require-dev": {
                "friendsofphp/php-cs-fixer": "@stable",
                "nikic/php-parser": "@stable",
                "php": "^8.0",
                "phpdocumentor/reflection-docblock": "@stable",
                "phpunit/phpunit": "^9.6"
            },
            "type": "library",
            "autoload": {
                "files": [
                    "PhpStormStubsMap.php"
                ]
            },
            "notification-url": "https://packagist.org/downloads/",
            "license": [
                "Apache-2.0"
            ],
            "description": "PHP runtime & extensions header files for PhpStorm",
            "homepage": "https://www.jetbrains.com/phpstorm",
            "keywords": [
                "autocomplete",
                "code",
                "inference",
                "inspection",
                "jetbrains",
                "phpstorm",
                "stubs",
                "type"
            ],
            "support": {
                "source": "https://github.com/JetBrains/phpstorm-stubs/tree/v2023.2"
            },
            "time": "2023-07-14T12:50:15+00:00"
        }
    ],
    "packages-dev": [],
    "aliases": [],
    "minimum-stability": "stable",
    "stability-flags": [],
    "prefer-stable": false,
    "prefer-lowest": false,
    "platform": [],
    "platform-dev": [],
    "plugin-api-version": "2.3.0"
}
